
Microsoft Visual Studio Solution File, Format Version 12.00
# Visual Studio Version 17
VisualStudioVersion = 17.0.31903.59
MinimumVisualStudioVersion = 10.0.40219.1
Project("{FAE04EC0-301F-11D3-BF4B-00C04F79EFBC}") = "minimal-api", "Api\minimal-api.csproj", "{F95B4FDF-6751-44F5-BFD9-4DD5732F9BA8}"
EndProject
Project("{FAE04EC0-301F-11D3-BF4B-00C04F79EFBC}") = "Test", "Test\Test.csproj", "{A4E93278-6CA4-40AE-85FC-C9F4609DD99E}"
EndProject
Global
	GlobalSection(SolutionConfigurationPlatforms) = preSolution
		Debug|Any CPU = Debug|Any CPU
		Release|Any CPU = Release|Any CPU
	EndGlobalSection
	GlobalSection(SolutionProperties) = preSolution
		HideSolutionNode = FALSE
	EndGlobalSection
	GlobalSection(ProjectConfigurationPlatforms) = postSolution
		{F95B4FDF-6751-44F5-BFD9-4DD5732F9BA8}.Debug|Any CPU.ActiveCfg = Debug|Any CPU
		{F95B4FDF-6751-44F5-BFD9-4DD5732F9BA8}.Debug|Any CPU.Build.0 = Debug|Any CPU
		{F95B4FDF-6751-44F5-BFD9-4DD5732F9BA8}.Release|Any CPU.ActiveCfg = Release|Any CPU
		{F95B4FDF-6751-44F5-BFD9-4DD5732F9BA8}.Release|Any CPU.Build.0 = Release|Any CPU
		{A4E93278-6CA4-40AE-85FC-C9F4609DD99E}.Debug|Any CPU.ActiveCfg = Debug|Any CPU
		{A4E93278-6CA4-40AE-85FC-C9F4609DD99E}.Debug|Any CPU.Build.0 = Debug|Any CPU
		{A4E93278-6CA4-40AE-85FC-C9F4609DD99E}.Release|Any CPU.ActiveCfg = Release|Any CPU
		{A4E93278-6CA4-40AE-85FC-C9F4609DD99E}.Release|Any CPU.Build.0 = Release|Any CPU
	EndGlobalSection
EndGlobal
